
Microsoft Visual Studio Solution File, Format Version 12.00
# Visual Studio Version 17
VisualStudioVersion = 17.3.32825.248
MinimumVisualStudioVersion = 10.0.40219.1
Project("{FAE04EC0-301F-11D3-BF4B-00C04F79EFBC}") = "MiscBenchmarks", "MiscBenchmarks\MiscBenchmarks.csproj", "{BB769749-55C5-4065-B3D2-FDA73BDC093D}"
EndProject
Global
	GlobalSection(SolutionConfigurationPlatforms) = preSolution
		Debug|Any CPU = Debug|Any CPU
		Release|Any CPU = Release|Any CPU
	EndGlobalSection
	GlobalSection(ProjectConfigurationPlatforms) = postSolution
		{BB769749-55C5-4065-B3D2-FDA73BDC093D}.Debug|Any CPU.ActiveCfg = Debug|Any CPU
		{BB769749-55C5-4065-B3D2-FDA73BDC093D}.Debug|Any CPU.Build.0 = Debug|Any CPU
		{BB769749-55C5-4065-B3D2-FDA73BDC093D}.Release|Any CPU.ActiveCfg = Release|Any CPU
		{BB769749-55C5-4065-B3D2-FDA73BDC093D}.Release|Any CPU.Build.0 = Release|Any CPU
	EndGlobalSection
	GlobalSection(SolutionProperties) = preSolution
		HideSolutionNode = FALSE
	EndGlobalSection
	GlobalSection(ExtensibilityGlobals) = postSolution
		SolutionGuid = {3B748C67-2FFD-49BB-AD2B-4D890B86E09D}
	EndGlobalSection
EndGlobal
